Microsoft Visual Studio Solution File, Format Version 11.00
# Visual C# Express 2010
Project("{FAE04EC0-301F-11D3-BF4B-00C04F79EFBC}") = "TrackRoamerServices", "TrackRoamerServices\TrackRoamerServices.csproj", "{9A23AC2E-6051-4752-8743-F6930160C5A5}"
	ProjectSection(ProjectDependencies) = postProject
		{E281BA4C-D68E-46FA-BA67-299EDAE569EB} = {E281BA4C-D68E-46FA-BA67-299EDAE569EB}
		{AD5B0F5A-3586-4885-9669-7EA5D1BABD3D} = {AD5B0F5A-3586-4885-9669-7EA5D1BABD3D}
		{6821396D-7DBE-4283-A7C0-FAA7B6E67B1A} = {6821396D-7DBE-4283-A7C0-FAA7B6E67B1A}
		{F6705193-9595-4E9F-930E-2031FE266E9C} = {F6705193-9595-4E9F-930E-2031FE266E9C}
		{5DA373B0-8E79-4CFA-8B57-EF17A7D49BD7} = {5DA373B0-8E79-4CFA-8B57-EF17A7D49BD7}
	EndProjectSection
EndProject
Project("{FAE04EC0-301F-11D3-BF4B-00C04F79EFBC}") = "LibRoboteqController", "LibRoboteqController\LibRoboteqController.csproj", "{AD5B0F5A-3586-4885-9669-7EA5D1BABD3D}"
EndProject
Project("{FAE04EC0-301F-11D3-BF4B-00C04F79EFBC}") = "LibSystem", "LibSystem\LibSystem.csproj", "{49D8DA91-5B65-49B9-8543-0435D01CD1AE}"
EndProject
Project("{FAE04EC0-301F-11D3-BF4B-00C04F79EFBC}") = "TrackRoamerBehaviors", "TrackRoamerBehaviors\TrackRoamerBehaviors.csproj", "{53A897AB-08AE-41EF-BB40-3AAC6A127BF4}"
	ProjectSection(ProjectDependencies) = postProject
		{9A23AC2E-6051-4752-8743-F6930160C5A5} = {9A23AC2E-6051-4752-8743-F6930160C5A5}
		{6821396D-7DBE-4283-A7C0-FAA7B6E67B1A} = {6821396D-7DBE-4283-A7C0-FAA7B6E67B1A}
		{96285473-2A8A-4EFD-BAC0-265166B49346} = {96285473-2A8A-4EFD-BAC0-265166B49346}
	EndProjectSection
EndProject
Project("{FAE04EC0-301F-11D3-BF4B-00C04F79EFBC}") = "TrackRoamerUsrf", "TrackRoamerUsrf\TrackRoamerUsrf.csproj", "{6821396D-7DBE-4283-A7C0-FAA7B6E67B1A}"
	ProjectSection(ProjectDependencies) = postProject
		{F6705193-9595-4E9F-930E-2031FE266E9C} = {F6705193-9595-4E9F-930E-2031FE266E9C}
	EndProjectSection
EndProject
Project("{FAE04EC0-301F-11D3-BF4B-00C04F79EFBC}") = "TrackRoamerDrive", "TrackRoamerDrive\TrackRoamerDrive.csproj", "{96285473-2A8A-4EFD-BAC0-265166B49346}"
	ProjectSection(ProjectDependencies) = postProject
		{9A23AC2E-6051-4752-8743-F6930160C5A5} = {9A23AC2E-6051-4752-8743-F6930160C5A5}
		{49D8DA91-5B65-49B9-8543-0435D01CD1AE} = {49D8DA91-5B65-49B9-8543-0435D01CD1AE}
		{5DA373B0-8E79-4CFA-8B57-EF17A7D49BD7} = {5DA373B0-8E79-4CFA-8B57-EF17A7D49BD7}
	EndProjectSection
EndProject
Project("{FAE04EC0-301F-11D3-BF4B-00C04F79EFBC}") = "LibLvrGenericHid", "LibLvrGenericHid\LibLvrGenericHid.csproj", "{8EAD5422-8A75-4622-9910-8EB496020EFD}"
EndProject
Project("{FAE04EC0-301F-11D3-BF4B-00C04F79EFBC}") = "LibPicSensors", "LibPicSensors\LibPicSensors.csproj", "{E281BA4C-D68E-46FA-BA67-299EDAE569EB}"
EndProject
Project("{FAE04EC0-301F-11D3-BF4B-00C04F79EFBC}") = "TrackRoamerBrickProximityBoard", "TrackRoamerBrickProximityBoard\TrackRoamerBrickProximityBoard.csproj", "{F6705193-9595-4E9F-930E-2031FE266E9C}"
EndProject
Project("{FAE04EC0-301F-11D3-BF4B-00C04F79EFBC}") = "LibMapping", "LibMapping\LibMapping.csproj", "{9555CAC7-BB60-496A-9A64-89E4391DE6F1}"
EndProject
Project("{FAE04EC0-301F-11D3-BF4B-00C04F79EFBC}") = "LibGuiWpf", "LibGuiWpf\LibGuiWpf.csproj", "{77890B83-1939-43CD-80DA-F5516FD4B1CF}"
EndProject
Project("{FAE04EC0-301F-11D3-BF4B-00C04F79EFBC}") = "LibBehavior", "LibBehavior\LibBehavior.csproj", "{B2DDFE34-7368-408C-8EAE-250E4A2CFF59}"
EndProject
Project("{FAE04EC0-301F-11D3-BF4B-00C04F79EFBC}") = "TrackroamerRP2011AbstractionLayer", "TrackroamerRP2011AbstractionLayer\TrackroamerRP2011AbstractionLayer.csproj", "{D559023C-C6AC-411F-97F8-978FA7019A95}"
	ProjectSection(ProjectDependencies) = postProject
		{F6705193-9595-4E9F-930E-2031FE266E9C} = {F6705193-9595-4E9F-930E-2031FE266E9C}
	EndProjectSection
EndProject
Project("{FAE04EC0-301F-11D3-BF4B-00C04F79EFBC}") = "TrackRoamerBrickPower", "TrackRoamerBrickPower\TrackRoamerBrickPower.csproj", "{5DA373B0-8E79-4CFA-8B57-EF17A7D49BD7}"
EndProject
Global
	GlobalSection(SolutionConfigurationPlatforms) = preSolution
		Debug|Any CPU = Debug|Any CPU
		Release|Any CPU = Release|Any CPU
	EndGlobalSection
	GlobalSection(ProjectConfigurationPlatforms) = postSolution
		{9A23AC2E-6051-4752-8743-F6930160C5A5}.Debug|Any CPU.ActiveCfg = Debug|Any CPU
		{9A23AC2E-6051-4752-8743-F6930160C5A5}.Debug|Any CPU.Build.0 = Debug|Any CPU
		{9A23AC2E-6051-4752-8743-F6930160C5A5}.Release|Any CPU.ActiveCfg = Release|Any CPU
		{9A23AC2E-6051-4752-8743-F6930160C5A5}.Release|Any CPU.Build.0 = Release|Any CPU
		{AD5B0F5A-3586-4885-9669-7EA5D1BABD3D}.Debug|Any CPU.ActiveCfg = Debug|Any CPU
		{AD5B0F5A-3586-4885-9669-7EA5D1BABD3D}.Debug|Any CPU.Build.0 = Debug|Any CPU
		{AD5B0F5A-3586-4885-9669-7EA5D1BABD3D}.Release|Any CPU.ActiveCfg = Release|Any CPU
		{AD5B0F5A-3586-4885-9669-7EA5D1BABD3D}.Release|Any CPU.Build.0 = Release|Any CPU
		{49D8DA91-5B65-49B9-8543-0435D01CD1AE}.Debug|Any CPU.ActiveCfg = Debug|Any CPU
		{49D8DA91-5B65-49B9-8543-0435D01CD1AE}.Debug|Any CPU.Build.0 = Debug|Any CPU
		{49D8DA91-5B65-49B9-8543-0435D01CD1AE}.Release|Any CPU.ActiveCfg = Release|Any CPU
		{49D8DA91-5B65-49B9-8543-0435D01CD1AE}.Release|Any CPU.Build.0 = Release|Any CPU
		{53A897AB-08AE-41EF-BB40-3AAC6A127BF4}.Debug|Any CPU.ActiveCfg = Debug|Any CPU
		{53A897AB-08AE-41EF-BB40-3AAC6A127BF4}.Debug|Any CPU.Build.0 = Debug|Any CPU
		{53A897AB-08AE-41EF-BB40-3AAC6A127BF4}.Release|Any CPU.ActiveCfg = Release|Any CPU
		{53A897AB-08AE-41EF-BB40-3AAC6A127BF4}.Release|Any CPU.Build.0 = Release|Any CPU
		{6821396D-7DBE-4283-A7C0-FAA7B6E67B1A}.Debug|Any CPU.ActiveCfg = Debug|Any CPU
		{6821396D-7DBE-4283-A7C0-FAA7B6E67B1A}.Debug|Any CPU.Build.0 = Debug|Any CPU
		{6821396D-7DBE-4283-A7C0-FAA7B6E67B1A}.Release|Any CPU.ActiveCfg = Release|Any CPU
		{6821396D-7DBE-4283-A7C0-FAA7B6E67B1A}.Release|Any CPU.Build.0 = Release|Any CPU
		{96285473-2A8A-4EFD-BAC0-265166B49346}.Debug|Any CPU.ActiveCfg = Debug|Any CPU
		{96285473-2A8A-4EFD-BAC0-265166B49346}.Debug|Any CPU.Build.0 = Debug|Any CPU
		{96285473-2A8A-4EFD-BAC0-265166B49346}.Release|Any CPU.ActiveCfg = Release|Any CPU
		{96285473-2A8A-4EFD-BAC0-265166B49346}.Release|Any CPU.Build.0 = Release|Any CPU
		{8EAD5422-8A75-4622-9910-8EB496020EFD}.Debug|Any CPU.ActiveCfg = Debug|Any CPU
		{8EAD5422-8A75-4622-9910-8EB496020EFD}.Debug|Any CPU.Build.0 = Debug|Any CPU
		{8EAD5422-8A75-4622-9910-8EB496020EFD}.Release|Any CPU.ActiveCfg = Release|Any CPU
		{8EAD5422-8A75-4622-9910-8EB496020EFD}.Release|Any CPU.Build.0 = Release|Any CPU
		{E281BA4C-D68E-46FA-BA67-299EDAE569EB}.Debug|Any CPU.ActiveCfg = Debug|Any CPU
		{E281BA4C-D68E-46FA-BA67-299EDAE569EB}.Debug|Any CPU.Build.0 = Debug|Any CPU
		{E281BA4C-D68E-46FA-BA67-299EDAE569EB}.Release|Any CPU.ActiveCfg = Release|Any CPU
		{E281BA4C-D68E-46FA-BA67-299EDAE569EB}.Release|Any CPU.Build.0 = Release|Any CPU
		{F6705193-9595-4E9F-930E-2031FE266E9C}.Debug|Any CPU.ActiveCfg = Debug|Any CPU
		{F6705193-9595-4E9F-930E-2031FE266E9C}.Debug|Any CPU.Build.0 = Debug|Any CPU
		{F6705193-9595-4E9F-930E-2031FE266E9C}.Release|Any CPU.ActiveCfg = Release|Any CPU
		{F6705193-9595-4E9F-930E-2031FE266E9C}.Release|Any CPU.Build.0 = Release|Any CPU
		{9555CAC7-BB60-496A-9A64-89E4391DE6F1}.Debug|Any CPU.ActiveCfg = Debug|Any CPU
		{9555CAC7-BB60-496A-9A64-89E4391DE6F1}.Debug|Any CPU.Build.0 = Debug|Any CPU
		{9555CAC7-BB60-496A-9A64-89E4391DE6F1}.Release|Any CPU.ActiveCfg = Release|Any CPU
		{9555CAC7-BB60-496A-9A64-89E4391DE6F1}.Release|Any CPU.Build.0 = Release|Any CPU
		{77890B83-1939-43CD-80DA-F5516FD4B1CF}.Debug|Any CPU.ActiveCfg = Debug|Any CPU
		{77890B83-1939-43CD-80DA-F5516FD4B1CF}.Debug|Any CPU.Build.0 = Debug|Any CPU
		{77890B83-1939-43CD-80DA-F5516FD4B1CF}.Release|Any CPU.ActiveCfg = Release|Any CPU
		{77890B83-1939-43CD-80DA-F5516FD4B1CF}.Release|Any CPU.Build.0 = Release|Any CPU
		{B2DDFE34-7368-408C-8EAE-250E4A2CFF59}.Debug|Any CPU.ActiveCfg = Debug|Any CPU
		{B2DDFE34-7368-408C-8EAE-250E4A2CFF59}.Debug|Any CPU.Build.0 = Debug|Any CPU
		{B2DDFE34-7368-408C-8EAE-250E4A2CFF59}.Release|Any CPU.ActiveCfg = Release|Any CPU
		{B2DDFE34-7368-408C-8EAE-250E4A2CFF59}.Release|Any CPU.Build.0 = Release|Any CPU
		{D559023C-C6AC-411F-97F8-978FA7019A95}.Debug|Any CPU.ActiveCfg = Debug|Any CPU
		{D559023C-C6AC-411F-97F8-978FA7019A95}.Debug|Any CPU.Build.0 = Debug|Any CPU
		{D559023C-C6AC-411F-97F8-978FA7019A95}.Release|Any CPU.ActiveCfg = Release|Any CPU
		{D559023C-C6AC-411F-97F8-978FA7019A95}.Release|Any CPU.Build.0 = Release|Any CPU
		{5DA373B0-8E79-4CFA-8B57-EF17A7D49BD7}.Debug|Any CPU.ActiveCfg = Debug|Any CPU
		{5DA373B0-8E79-4CFA-8B57-EF17A7D49BD7}.Debug|Any CPU.Build.0 = Debug|Any CPU
		{5DA373B0-8E79-4CFA-8B57-EF17A7D49BD7}.Release|Any CPU.ActiveCfg = Release|Any CPU
		{5DA373B0-8E79-4CFA-8B57-EF17A7D49BD7}.Release|Any CPU.Build.0 = Release|Any CPU
	EndGlobalSection
	GlobalSection(SolutionProperties) = preSolution
		HideSolutionNode = FALSE
	EndGlobalSection
EndGlobal
